
Microsoft Visual Studio Solution File, Format Version 12.00
# Visual Studio Version 17
VisualStudioVersion = 17.7.34009.444
MinimumVisualStudioVersion = 10.0.40219.1
Project("{9A19103F-16F7-4668-BE54-9A1E7A4F7556}") = "API", "API\API.csproj", "{13BF935A-0BEF-43DA-9165-0326EEF7E2D9}"
EndProject
Project("{FAE04EC0-301F-11D3-BF4B-00C04F79EFBC}") = "Application", "Application\Application.csproj", "{29FE7983-B6DD-4EEE-A27B-A386FB94E6F8}"
EndProject
Project("{FAE04EC0-301F-11D3-BF4B-00C04F79EFBC}") = "Domain", "Domain\Domain.csproj", "{5EE02818-333A-4B2D-A430-0C250CF8C271}"
EndProject
Project("{FAE04EC0-301F-11D3-BF4B-00C04F79EFBC}") = "Infrastructure", "Infrastructure\Infrastructure.csproj", "{6B648A25-EF17-4677-B6E7-504F86C4D680}"
EndProject
Global
	GlobalSection(SolutionConfigurationPlatforms) = preSolution
		Debug|Any CPU = Debug|Any CPU
		Release|Any CPU = Release|Any CPU
	EndGlobalSection
	GlobalSection(ProjectConfigurationPlatforms) = postSolution
		{13BF935A-0BEF-43DA-9165-0326EEF7E2D9}.Debug|Any CPU.ActiveCfg = Debug|Any CPU
		{13BF935A-0BEF-43DA-9165-0326EEF7E2D9}.Debug|Any CPU.Build.0 = Debug|Any CPU
		{13BF935A-0BEF-43DA-9165-0326EEF7E2D9}.Release|Any CPU.ActiveCfg = Release|Any CPU
		{13BF935A-0BEF-43DA-9165-0326EEF7E2D9}.Release|Any CPU.Build.0 = Release|Any CPU
		{29FE7983-B6DD-4EEE-A27B-A386FB94E6F8}.Debug|Any CPU.ActiveCfg = Debug|Any CPU
		{29FE7983-B6DD-4EEE-A27B-A386FB94E6F8}.Debug|Any CPU.Build.0 = Debug|Any CPU
		{29FE7983-B6DD-4EEE-A27B-A386FB94E6F8}.Release|Any CPU.ActiveCfg = Release|Any CPU
		{29FE7983-B6DD-4EEE-A27B-A386FB94E6F8}.Release|Any CPU.Build.0 = Release|Any CPU
		{5EE02818-333A-4B2D-A430-0C250CF8C271}.Debug|Any CPU.ActiveCfg = Debug|Any CPU
		{5EE02818-333A-4B2D-A430-0C250CF8C271}.Debug|Any CPU.Build.0 = Debug|Any CPU
		{5EE02818-333A-4B2D-A430-0C250CF8C271}.Release|Any CPU.ActiveCfg = Release|Any CPU
		{5EE02818-333A-4B2D-A430-0C250CF8C271}.Release|Any CPU.Build.0 = Release|Any CPU
		{6B648A25-EF17-4677-B6E7-504F86C4D680}.Debug|Any CPU.ActiveCfg = Debug|Any CPU
		{6B648A25-EF17-4677-B6E7-504F86C4D680}.Debug|Any CPU.Build.0 = Debug|Any CPU
		{6B648A25-EF17-4677-B6E7-504F86C4D680}.Release|Any CPU.ActiveCfg = Release|Any CPU
		{6B648A25-EF17-4677-B6E7-504F86C4D680}.Release|Any CPU.Build.0 = Release|Any CPU
	EndGlobalSection
	GlobalSection(SolutionProperties) = preSolution
		HideSolutionNode = FALSE
	EndGlobalSection
	GlobalSection(ExtensibilityGlobals) = postSolution
		SolutionGuid = {B1793BB1-3CD2-4E49-ACDB-B12A9798F290}
	EndGlobalSection
EndGlobal
